{
  "version": 4,
  "terraform_version": "1.7.3",
  "serial": 22,
  "lineage": "9d100515-a180-ba94-8290-361f9dd39064",
  "outputs": {},
  "resources": [
    {
      "module": "module.hardik_module",
      "mode": "managed",
      "type": "newrelic_alert_policy",
      "name": "policyNN",
      "provider": "module.hardik_module.provider[\"registry.terraform.io/newrelic/newrelic\"]",
      "instances": [
        {
          "schema_version": 0,
          "attributes": {
            "account_id": 4438271,
            "channel_ids": null,
            "id": "5497663",
            "incident_preference": "PER_POLICY",
            "name": "temppolicy4"
          },
          "sensitive_attributes": [],
          "private": "bnVsbA=="
        }
      ]
    },
    {
      "module": "module.hardik_module",
      "mode": "managed",
      "type": "newrelic_nrql_alert_condition",
      "name": "conditions",
      "provider": "module.hardik_module.provider[\"registry.terraform.io/newrelic/newrelic\"]",
      "instances": [
        {
          "index_key": "condition1",
          "schema_version": 0,
          "attributes": {
            "account_id": 4438271,
            "aggregation_delay": "120",
            "aggregation_method": "event_flow",
            "aggregation_timer": null,
            "aggregation_window": 60,
            "baseline_direction": null,
            "close_violations_on_expiration": true,
            "critical": [
              {
                "duration": 0,
                "operator": "above",
                "threshold": 5.5,
                "threshold_duration": 300,
                "threshold_occurrences": "all",
                "time_function": ""
              }
            ],
            "description": "Alert when transactions are taking too long",
            "enabled": true,
            "entity_guid": "NDQzODI3MXxBSU9QU3xDT05ESVRJT058NDMzNDg3NjE",
            "evaluation_delay": null,
            "expiration_duration": 120,
            "fill_option": "static",
            "fill_value": 1,
            "id": "5497663:43348761",
            "name": "newcondition",
            "nrql": [
              {
                "data_account_id": 0,
                "evaluation_offset": 0,
                "query": "SELECT average(largestContentfulPaint) FROM PageViewTiming WHERE appName = 'react-cart' ",
                "since_value": ""
              }
            ],
            "open_violation_on_expiration": true,
            "policy_id": 5497663,
            "runbook_url": "https://www.example.com",
            "slide_by": 30,
            "term": [],
            "timeouts": null,
            "type": "static",
            "violation_time_limit": "ONE_HOUR",
            "violation_time_limit_seconds": 3600,
            "warning": [
              {
                "duration": 0,
                "operator": "above",
                "threshold": 3.5,
                "threshold_duration": 600,
                "threshold_occurrences": "all",
                "time_function": ""
              }
            ]
          },
          "sensitive_attributes": [],
          "private": "eyJlMmJmYjczMC1lY2FhLTExZTYtOGY4OC0zNDM2M2JjN2M0YzAiOnsiY3JlYXRlIjozMDAwMDAwMDAwMH19",
          "dependencies": [
            "module.hardik_module.newrelic_alert_policy.policyNN"
          ]
        },
        {
          "index_key": "condition2",
          "schema_version": 0,
          "attributes": {
            "account_id": 4438271,
            "aggregation_delay": "120",
            "aggregation_method": "event_flow",
            "aggregation_timer": null,
            "aggregation_window": 60,
            "baseline_direction": null,
            "close_violations_on_expiration": true,
            "critical": [
              {
                "duration": 0,
                "operator": "above",
                "threshold": 5.5,
                "threshold_duration": 300,
                "threshold_occurrences": "all",
                "time_function": ""
              }
            ],
            "description": "Alert when transactions are taking too long",
            "enabled": true,
            "entity_guid": "NDQzODI3MXxBSU9QU3xDT05ESVRJT058NDMzNDg3NjA",
            "evaluation_delay": null,
            "expiration_duration": 120,
            "fill_option": "static",
            "fill_value": 1,
            "id": "5497663:43348760",
            "name": "newcondition2",
            "nrql": [
              {
                "data_account_id": 0,
                "evaluation_offset": 0,
                "query": "SELECT average(duration) FROM Transaction where appName = 'mmt-blog'",
                "since_value": ""
              }
            ],
            "open_violation_on_expiration": true,
            "policy_id": 5497663,
            "runbook_url": "https://www.example.com",
            "slide_by": 30,
            "term": [],
            "timeouts": null,
            "type": "static",
            "violation_time_limit": "ONE_HOUR",
            "violation_time_limit_seconds": 3600,
            "warning": [
              {
                "duration": 0,
                "operator": "above",
                "threshold": 3.5,
                "threshold_duration": 600,
                "threshold_occurrences": "all",
                "time_function": ""
              }
            ]
          },
          "sensitive_attributes": [],
          "private": "eyJlMmJmYjczMC1lY2FhLTExZTYtOGY4OC0zNDM2M2JjN2M0YzAiOnsiY3JlYXRlIjozMDAwMDAwMDAwMH19",
          "dependencies": [
            "module.hardik_module.newrelic_alert_policy.policyNN"
          ]
        },
        {
          "index_key": "condition3",
          "schema_version": 0,
          "attributes": {
            "account_id": 4438271,
            "aggregation_delay": "120",
            "aggregation_method": "event_flow",
            "aggregation_timer": null,
            "aggregation_window": 60,
            "baseline_direction": null,
            "close_violations_on_expiration": true,
            "critical": [
              {
                "duration": 0,
                "operator": "above",
                "threshold": 5.5,
                "threshold_duration": 300,
                "threshold_occurrences": "all",
                "time_function": ""
              }
            ],
            "description": "Alert when transactions are taking too long",
            "enabled": true,
            "entity_guid": "NDQzODI3MXxBSU9QU3xDT05ESVRJT058NDMzNDg3NjI",
            "evaluation_delay": null,
            "expiration_duration": 120,
            "fill_option": "static",
            "fill_value": 1,
            "id": "5497663:43348762",
            "name": "newcondition3",
            "nrql": [
              {
                "data_account_id": 0,
                "evaluation_offset": 0,
                "query": "SELECT average(domProcessingDuration ) AS 'Dom processing'FROM PageView WHERE appName = 'react-cart'",
                "since_value": ""
              }
            ],
            "open_violation_on_expiration": true,
            "policy_id": 5497663,
            "runbook_url": "https://www.example.com",
            "slide_by": 30,
            "term": [],
            "timeouts": null,
            "type": "static",
            "violation_time_limit": "ONE_HOUR",
            "violation_time_limit_seconds": 3600,
            "warning": [
              {
                "duration": 0,
                "operator": "above",
                "threshold": 3.5,
                "threshold_duration": 600,
                "threshold_occurrences": "all",
                "time_function": ""
              }
            ]
          },
          "sensitive_attributes": [],
          "private": "eyJlMmJmYjczMC1lY2FhLTExZTYtOGY4OC0zNDM2M2JjN2M0YzAiOnsiY3JlYXRlIjozMDAwMDAwMDAwMH19",
          "dependencies": [
            "module.hardik_module.newrelic_alert_policy.policyNN"
          ]
        },
        {
          "index_key": "condition4",
          "schema_version": 0,
          "attributes": {
            "account_id": 4438271,
            "aggregation_delay": "120",
            "aggregation_method": "event_flow",
            "aggregation_timer": null,
            "aggregation_window": 60,
            "baseline_direction": null,
            "close_violations_on_expiration": true,
            "critical": [
              {
                "duration": 0,
                "operator": "above",
                "threshold": 5.5,
                "threshold_duration": 300,
                "threshold_occurrences": "all",
                "time_function": ""
              }
            ],
            "description": "Alert when transactions are taking too long",
            "enabled": true,
            "entity_guid": "NDQzODI3MXxBSU9QU3xDT05ESVRJT058NDMzNDg3NjM",
            "evaluation_delay": null,
            "expiration_duration": 120,
            "fill_option": "static",
            "fill_value": 1,
            "id": "5497663:43348763",
            "name": "newcondition4",
            "nrql": [
              {
                "data_account_id": 0,
                "evaluation_offset": 0,
                "query": "SELECT percentile(cumulativeLayoutShift ) FROM PageViewTiming WHERE appName = 'react-cart'",
                "since_value": ""
              }
            ],
            "open_violation_on_expiration": true,
            "policy_id": 5497663,
            "runbook_url": "https://www.example.com",
            "slide_by": 30,
            "term": [],
            "timeouts": null,
            "type": "static",
            "violation_time_limit": "ONE_HOUR",
            "violation_time_limit_seconds": 3600,
            "warning": []
          },
          "sensitive_attributes": [],
          "private": "eyJlMmJmYjczMC1lY2FhLTExZTYtOGY4OC0zNDM2M2JjN2M0YzAiOnsiY3JlYXRlIjozMDAwMDAwMDAwMH19",
          "dependencies": [
            "module.hardik_module.newrelic_alert_policy.policyNN"
          ]
        }
      ]
    },
    {
      "module": "module.new_module",
      "mode": "managed",
      "type": "newrelic_notification_channel",
      "name": "alert_channel",
      "provider": "module.new_module.provider[\"registry.terraform.io/newrelic/newrelic\"]",
      "instances": [
        {
          "index_key": "test",
          "schema_version": 0,
          "attributes": {
            "account_id": 4438271,
            "active": true,
            "destination_id": "f97779f4-7acd-4bea-ad78-ca29a8103f81",
            "id": "329e8067-3743-4fea-a5ef-550b479e4730",
            "name": "browser-alert-channel",
            "product": "IINT",
            "property": [
              {
                "display_value": "",
                "key": "source",
                "label": "terraform-source-internal",
                "value": "terraform"
              },
              {
                "display_value": "",
                "key": "subject",
                "label": "",
                "value": "BrowserAlert"
              }
            ],
            "status": "DEFAULT",
            "type": "EMAIL"
          },
          "sensitive_attributes": [],
          "private": "bnVsbA==",
          "dependencies": [
            "module.new_module.newrelic_notification_destination.alert_destination"
          ]
        }
      ]
    },
    {
      "module": "module.new_module",
      "mode": "managed",
      "type": "newrelic_notification_destination",
      "name": "alert_destination",
      "provider": "module.new_module.provider[\"registry.terraform.io/newrelic/newrelic\"]",
      "instances": [
        {
          "index_key": "test",
          "schema_version": 1,
          "attributes": {
            "account_id": 4438271,
            "active": true,
            "auth_basic": [],
            "auth_custom_header": [],
            "auth_token": [],
            "guid": "NDQzODI3MXxBSU9QU3xERVNUSU5BVElPTnxmOTc3NzlmNC03YWNkLTRiZWEtYWQ3OC1jYTI5YTgxMDNmODE",
            "id": "f97779f4-7acd-4bea-ad78-ca29a8103f81",
            "last_sent": "",
            "name": "browser-alert-destination",
            "property": [
              {
                "display_value": "",
                "key": "email",
                "label": "",
                "value": "hardikmehta99999@gmail.com"
              },
              {
                "display_value": "",
                "key": "source",
                "label": "terraform-source-internal",
                "value": "terraform"
              }
            ],
            "secure_url": [],
            "status": "DEFAULT",
            "type": "EMAIL"
          },
          "sensitive_attributes": [],
          "private": "eyJzY2hlbWFfdmVyc2lvbiI6IjEifQ=="
        }
      ]
    },
    {
      "module": "module.new_module",
      "mode": "managed",
      "type": "newrelic_workflow",
      "name": "workflows-test",
      "provider": "module.new_module.provider[\"registry.terraform.io/newrelic/newrelic\"]",
      "instances": [
        {
          "index_key": "test",
          "schema_version": 1,
          "attributes": {
            "account_id": 4438271,
            "destination": [
              {
                "channel_id": "329e8067-3743-4fea-a5ef-550b479e4730",
                "name": "browser-alert-channel",
                "notification_triggers": [
                  "ACKNOWLEDGED",
                  "ACTIVATED",
                  "CLOSED"
                ],
                "type": "EMAIL",
                "update_original_message": true
              }
            ],
            "destinations_enabled": true,
            "enabled": true,
            "enrichments": [],
            "enrichments_enabled": true,
            "guid": "NDQzODI3MXxBSU9QU3xXT1JLRkxPV3wxZDI2MjNkNC03YzQ1LTQ3NDYtYTkxMC0xNzUwOWZiMjM4N2E",
            "id": "1d2623d4-7c45-4746-a910-17509fb2387a",
            "issues_filter": [
              {
                "filter_id": "6c386594-3527-4988-a062-05bf54534eb1",
                "name": " Filter-name",
                "predicate": [
                  {
                    "attribute": "priority",
                    "operator": "EXACTLY_MATCHES",
                    "values": [
                      "growth"
                    ]
                  }
                ],
                "type": "FILTER"
              }
            ],
            "last_run": "",
            "muting_rules_handling": "NOTIFY_ALL_ISSUES",
            "name": "Alert Workflow",
            "workflow_id": "1d2623d4-7c45-4746-a910-17509fb2387a"
          },
          "sensitive_attributes": [],
          "private": "eyJzY2hlbWFfdmVyc2lvbiI6IjEifQ==",
          "dependencies": [
            "module.new_module.newrelic_notification_channel.alert_channel",
            "module.new_module.newrelic_notification_destination.alert_destination"
          ]
        }
      ]
    }
  ],
  "check_results": null
}
